// !$*UTF8*$!
{
	archiveVersion = 1;
	classes = {
	};
	objectVersion = 56;
	objects = {

/* Begin PBXBuildFile section */
		FAC8205F2B59BB9A00BA65C8 /* Item.swift in Sources */ = {isa = PBXBuildFile; fileRef = FAC8205E2B59BB9A00BA65C8 /* Item.swift */; };
		FAC820612B59BBAA00BA65C8 /* Game.swift in Sources */ = {isa = PBXBuildFile; fileRef = FAC820602B59BBAA00BA65C8 /* Game.swift */; };
		FAC820632B59BBE300BA65C8 /* Movie.swift in Sources */ = {isa = PBXBuildFile; fileRef = FAC820622B59BBE300BA65C8 /* Movie.swift */; };
		FAC820652B59BBFE00BA65C8 /* Store.swift in Sources */ = {isa = PBXBuildFile; fileRef = FAC820642B59BBFE00BA65C8 /* Store.swift */; };
		FAC820672B59BC1400BA65C8 /* Customer.swift in Sources */ = {isa = PBXBuildFile; fileRef = FAC820662B59BC1400BA65C8 /* Customer.swift */; };
		FAEAC2822B5989EB00E4B68F /* main.swift in Sources */ = {isa = PBXBuildFile; fileRef = FAEAC2812B5989EB00E4B68F /* main.swift */; };
		FAEAC2892B598CF400E4B68F /* isPurchasable.swift in Sources */ = {isa = PBXBuildFile; fileRef = FAEAC2882B598CF400E4B68F /* isPurchasable.swift */; };
/* End PBXBuildFile section */

/* Begin PBXCopyFilesBuildPhase section */
		FAEAC27C2B5989EB00E4B68F /* CopyFiles */ = {
			isa = PBXCopyFilesBuildPhase;
			buildActionMask = 2147483647;
			dstPath = /usr/share/man/man1/;
			dstSubfolderSpec = 0;
			files = (
			);
			runOnlyForDeploymentPostprocessing = 1;
		};
/* End PBXCopyFilesBuildPhase section */

/* Begin PBXFileReference section */
		FAC8205E2B59BB9A00BA65C8 /* Item.swift */ = {isa = PBXFileReference; lastKnownFileType = sourcecode.swift; path = Item.swift; sourceTree = "<group>"; };
		FAC820602B59BBAA00BA65C8 /* Game.swift */ = {isa = PBXFileReference; lastKnownFileType = sourcecode.swift; path = Game.swift; sourceTree = "<group>"; };
		FAC820622B59BBE300BA65C8 /* Movie.swift */ = {isa = PBXFileReference; lastKnownFileType = sourcecode.swift; path = Movie.swift; sourceTree = "<group>"; };
		FAC820642B59BBFE00BA65C8 /* Store.swift */ = {isa = PBXFileReference; lastKnownFileType = sourcecode.swift; path = Store.swift; sourceTree = "<group>"; };
		FAC820662B59BC1400BA65C8 /* Customer.swift */ = {isa = PBXFileReference; lastKnownFileType = sourcecode.swift; path = Customer.swift; sourceTree = "<group>"; };
		FAEAC27E2B5989EB00E4B68F /* Group1_Store */ = {isa = PBXFileReference; explicitFileType = "compiled.mach-o.executable"; includeInIndex = 0; path = Group1_Store; sourceTree = BUILT_PRODUCTS_DIR; };
		FAEAC2812B5989EB00E4B68F /* main.swift */ = {isa = PBXFileReference; lastKnownFileType = sourcecode.swift; path = main.swift; sourceTree = "<group>"; };
		FAEAC2882B598CF400E4B68F /* isPurchasable.swift */ = {isa = PBXFileReference; lastKnownFileType = sourcecode.swift; path = isPurchasable.swift; sourceTree = "<group>"; };
/* End PBXFileReference section */

/* Begin PBXFrameworksBuildPhase section */
		FAEAC27B2B5989EB00E4B68F /* Frameworks */ = {
			isa = PBXFrameworksBuildPhase;
			buildActionMask = 2147483647;
			files = (
			);
			runOnlyForDeploymentPostprocessing = 0;
		};
/* End PBXFrameworksBuildPhase section */

/* Begin PBXGroup section */
		FAC8205B2B599E3F00BA65C8 /* Item */ = {
			isa = PBXGroup;
			children = (
				FAEAC2882B598CF400E4B68F /* isPurchasable.swift */,
				FAC8205E2B59BB9A00BA65C8 /* Item.swift */,
				FAC820602B59BBAA00BA65C8 /* Game.swift */,
				FAC820622B59BBE300BA65C8 /* Movie.swift */,
			);
			path = Item;
			sourceTree = "<group>";
		};
		FAC8205C2B599E5500BA65C8 /* Customer */ = {
			isa = PBXGroup;
			children = (
				FAC820662B59BC1400BA65C8 /* Customer.swift */,
			);
			path = Customer;
			sourceTree = "<group>";
		};
		FAC8205D2B599E7200BA65C8 /* Store */ = {
			isa = PBXGroup;
			children = (
				FAC820642B59BBFE00BA65C8 /* Store.swift */,
			);
			path = Store;
			sourceTree = "<group>";
		};
		FAEAC2752B5989EB00E4B68F = {
			isa = PBXGroup;
			children = (
				FAEAC2802B5989EB00E4B68F /* Group1_Store */,
				FAEAC27F2B5989EB00E4B68F /* Products */,
			);
			sourceTree = "<group>";
		};
		FAEAC27F2B5989EB00E4B68F /* Products */ = {
			isa = PBXGroup;
			children = (
				FAEAC27E2B5989EB00E4B68F /* Group1_Store */,
			);
			name = Products;
			sourceTree = "<group>";
		};
		FAEAC2802B5989EB00E4B68F /* Group1_Store */ = {
			isa = PBXGroup;
			children = (
				FAEAC2812B5989EB00E4B68F /* main.swift */,
				FAC8205C2B599E5500BA65C8 /* Customer */,
				FAC8205B2B599E3F00BA65C8 /* Item */,
				FAC8205D2B599E7200BA65C8 /* Store */,
			);
			path = Group1_Store;
			sourceTree = "<group>";
		};
/* End PBXGroup section */

/* Begin PBXNativeTarget section */
		FAEAC27D2B5989EB00E4B68F /* Group1_Store */ = {
			isa = PBXNativeTarget;
			buildConfigurationList = FAEAC2852B5989EB00E4B68F /* Build configuration list for PBXNativeTarget "Group1_Store" */;
			buildPhases = (
				FAEAC27A2B5989EB00E4B68F /* Sources */,
				FAEAC27B2B5989EB00E4B68F /* Frameworks */,
				FAEAC27C2B5989EB00E4B68F /* CopyFiles */,
			);
			buildRules = (
			);
			dependencies = (
			);
			name = Group1_Store;
			productName = Group1_Store;
			productReference = FAEAC27E2B5989EB00E4B68F /* Group1_Store */;
			productType = "com.apple.product-type.tool";
		};
/* End PBXNativeTarget section */

/* Begin PBXProject section */
		FAEAC2762B5989EB00E4B68F /* Project object */ = {
			isa = PBXProject;
			attributes = {
				BuildIndependentTargetsInParallel = 1;
				LastSwiftUpdateCheck = 1520;
				LastUpgradeCheck = 1520;
				TargetAttributes = {
					FAEAC27D2B5989EB00E4B68F = {
						CreatedOnToolsVersion = 15.2;
					};
				};
			};
			buildConfigurationList = FAEAC2792B5989EB00E4B68F /* Build configuration list for PBXProject "Group1_Store" */;
			compatibilityVersion = "Xcode 14.0";
			developmentRegion = en;
			hasScannedForEncodings = 0;
			knownRegions = (
				en,
				Base,
			);
			mainGroup = FAEAC2752B5989EB00E4B68F;
			productRefGroup = FAEAC27F2B5989EB00E4B68F /* Products */;
			projectDirPath = "";
			projectRoot = "";
			targets = (
				FAEAC27D2B5989EB00E4B68F /* Group1_Store */,
			);
		};
/* End PBXProject section */

/* Begin PBXSourcesBuildPhase section */
		FAEAC27A2B5989EB00E4B68F /* Sources */ = {
			isa = PBXSourcesBuildPhase;
			buildActionMask = 2147483647;
			files = (
				FAEAC2892B598CF400E4B68F /* isPurchasable.swift in Sources */,
				FAC820672B59BC1400BA65C8 /* Customer.swift in Sources */,
				FAC820612B59BBAA00BA65C8 /* Game.swift in Sources */,
				FAC8205F2B59BB9A00BA65C8 /* Item.swift in Sources */,
				FAC820652B59BBFE00BA65C8 /* Store.swift in Sources */,
				FAEAC2822B5989EB00E4B68F /* main.swift in Sources */,
				FAC820632B59BBE300BA65C8 /* Movie.swift in Sources */,
			);
			runOnlyForDeploymentPostprocessing = 0;
		};
/* End PBXSourcesBuildPhase section */

/* Begin XCBuildConfiguration section */
		FAEAC2832B5989EB00E4B68F /* Debug */ = {
			isa = XCBuildConfiguration;
			buildSettings = {
				ALWAYS_SEARCH_USER_PATHS = NO;
				ASSETCATALOG_COMPILER_GENERATE_SWIFT_ASSET_SYMBOL_EXTENSIONS = YES;
				CLANG_ANALYZER_NONNULL = YES;
				CLANG_ANALYZER_NUMBER_OBJECT_CONVERSION = YES_AGGRESSIVE;
				CLANG_CXX_LANGUAGE_STANDARD = "gnu++20";
				CLANG_ENABLE_MODULES = YES;
				CLANG_ENABLE_OBJC_ARC = YES;
				CLANG_ENABLE_OBJC_WEAK = YES;
				CLANG_WARN_BLOCK_CAPTURE_AUTORELEASING = YES;
				CLANG_WARN_BOOL_CONVERSION = YES;
				CLANG_WARN_COMMA = YES;
				CLANG_WARN_CONSTANT_CONVERSION = YES;
				CLANG_WARN_DEPRECATED_OBJC_IMPLEMENTATIONS = YES;
				CLANG_WARN_DIRECT_OBJC_ISA_USAGE = YES_ERROR;
				CLANG_WARN_DOCUMENTATION_COMMENTS = YES;
				CLANG_WARN_EMPTY_BODY = YES;
				CLANG_WARN_ENUM_CONVERSION = YES;
				CLANG_WARN_INFINITE_RECURSION = YES;
				CLANG_WARN_INT_CONVERSION = YES;
				CLANG_WARN_NON_LITERAL_NULL_CONVERSION = YES;
				CLANG_WARN_OBJC_IMPLICIT_RETAIN_SELF = YES;
				CLANG_WARN_OBJC_LITERAL_CONVERSION = YES;
				CLANG_WARN_OBJC_ROOT_CLASS = YES_ERROR;
				CLANG_WARN_QUOTED_INCLUDE_IN_FRAMEWORK_HEADER = YES;
				CLANG_WARN_RANGE_LOOP_ANALYSIS = YES;
				CLANG_WARN_STRICT_PROTOTYPES = YES;
				CLANG_WARN_SUSPICIOUS_MOVE = YES;
				CLANG_WARN_UNGUARDED_AVAILABILITY = YES_AGGRESSIVE;
				CLANG_WARN_UNREACHABLE_CODE = YES;
				CLANG_WARN__DUPLICATE_METHOD_MATCH = YES;
				COPY_PHASE_STRIP = NO;
				DEBUG_INFORMATION_FORMAT = dwarf;
				ENABLE_STRICT_OBJC_MSGSEND = YES;
				ENABLE_TESTABILITY = YES;
				ENABLE_USER_SCRIPT_SANDBOXING = YES;
				GCC_C_LANGUAGE_STANDARD = gnu17;
				GCC_DYNAMIC_NO_PIC = NO;
				GCC_NO_COMMON_BLOCKS = YES;
				GCC_OPTIMIZATION_LEVEL = 0;
				GCC_PREPROCESSOR_DEFINITIONS = (
					"DEBUG=1",
					"$(inherited)",
				);
				GCC_WARN_64_TO_32_BIT_CONVERSION = YES;
				GCC_WARN_ABOUT_RETURN_TYPE = YES_ERROR;
				GCC_WARN_UNDECLARED_SELECTOR = YES;
				GCC_WARN_UNINITIALIZED_AUTOS = YES_AGGRESSIVE;
				GCC_WARN_UNUSED_FUNCTION = YES;
				GCC_WARN_UNUSED_VARIABLE = YES;
				LOCALIZATION_PREFERS_STRING_CATALOGS = YES;
				MACOSX_DEPLOYMENT_TARGET = 14.2;
				MTL_ENABLE_DEBUG_INFO = INCLUDE_SOURCE;
				MTL_FAST_MATH = YES;
				ONLY_ACTIVE_ARCH = YES;
				SDKROOT = macosx;
				SWIFT_ACTIVE_COMPILATION_CONDITIONS = "DEBUG $(inherited)";
				SWIFT_OPTIMIZATION_LEVEL = "-Onone";
			};
			name = Debug;
		};
		FAEAC2842B5989EB00E4B68F /* Release */ = {
			isa = XCBuildConfiguration;
			buildSettings = {
				ALWAYS_SEARCH_USER_PATHS = NO;
				ASSETCATALOG_COMPILER_GENERATE_SWIFT_ASSET_SYMBOL_EXTENSIONS = YES;
				CLANG_ANALYZER_NONNULL = YES;
				CLANG_ANALYZER_NUMBER_OBJECT_CONVERSION = YES_AGGRESSIVE;
				CLANG_CXX_LANGUAGE_STANDARD = "gnu++20";
				CLANG_ENABLE_MODULES = YES;
				CLANG_ENABLE_OBJC_ARC = YES;
				CLANG_ENABLE_OBJC_WEAK = YES;
				CLANG_WARN_BLOCK_CAPTURE_AUTORELEASING = YES;
				CLANG_WARN_BOOL_CONVERSION = YES;
				CLANG_WARN_COMMA = YES;
				CLANG_WARN_CONSTANT_CONVERSION = YES;
				CLANG_WARN_DEPRECATED_OBJC_IMPLEMENTATIONS = YES;
				CLANG_WARN_DIRECT_OBJC_ISA_USAGE = YES_ERROR;
				CLANG_WARN_DOCUMENTATION_COMMENTS = YES;
				CLANG_WARN_EMPTY_BODY = YES;
				CLANG_WARN_ENUM_CONVERSION = YES;
				CLANG_WARN_INFINITE_RECURSION = YES;
				CLANG_WARN_INT_CONVERSION = YES;
				CLANG_WARN_NON_LITERAL_NULL_CONVERSION = YES;
				CLANG_WARN_OBJC_IMPLICIT_RETAIN_SELF = YES;
				CLANG_WARN_OBJC_LITERAL_CONVERSION = YES;
				CLANG_WARN_OBJC_ROOT_CLASS = YES_ERROR;
				CLANG_WARN_QUOTED_INCLUDE_IN_FRAMEWORK_HEADER = YES;
				CLANG_WARN_RANGE_LOOP_ANALYSIS = YES;
				CLANG_WARN_STRICT_PROTOTYPES = YES;
				CLANG_WARN_SUSPICIOUS_MOVE = YES;
				CLANG_WARN_UNGUARDED_AVAILABILITY = YES_AGGRESSIVE;
				CLANG_WARN_UNREACHABLE_CODE = YES;
				CLANG_WARN__DUPLICATE_METHOD_MATCH = YES;
				COPY_PHASE_STRIP = NO;
				DEBUG_INFORMATION_FORMAT = "dwarf-with-dsym";
				ENABLE_NS_ASSERTIONS = NO;
				ENABLE_STRICT_OBJC_MSGSEND = YES;
				ENABLE_USER_SCRIPT_SANDBOXING = YES;
				GCC_C_LANGUAGE_STANDARD = gnu17;
				GCC_NO_COMMON_BLOCKS = YES;
				GCC_WARN_64_TO_32_BIT_CONVERSION = YES;
				GCC_WARN_ABOUT_RETURN_TYPE = YES_ERROR;
				GCC_WARN_UNDECLARED_SELECTOR = YES;
				GCC_WARN_UNINITIALIZED_AUTOS = YES_AGGRESSIVE;
				GCC_WARN_UNUSED_FUNCTION = YES;
				GCC_WARN_UNUSED_VARIABLE = YES;
				LOCALIZATION_PREFERS_STRING_CATALOGS = YES;
				MACOSX_DEPLOYMENT_TARGET = 14.2;
				MTL_ENABLE_DEBUG_INFO = NO;
				MTL_FAST_MATH = YES;
				SDKROOT = macosx;
				SWIFT_COMPILATION_MODE = wholemodule;
			};
			name = Release;
		};
		FAEAC2862B5989EB00E4B68F /* Debug */ = {
			isa = XCBuildConfiguration;
			buildSettings = {
				CODE_SIGN_STYLE = Automatic;
				PRODUCT_NAME = "$(TARGET_NAME)";
				SWIFT_VERSION = 5.0;
			};
			name = Debug;
		};
		FAEAC2872B5989EB00E4B68F /* Release */ = {
			isa = XCBuildConfiguration;
			buildSettings = {
				CODE_SIGN_STYLE = Automatic;
				PRODUCT_NAME = "$(TARGET_NAME)";
				SWIFT_VERSION = 5.0;
			};
			name = Release;
		};
/* End XCBuildConfiguration section */

/* Begin XCConfigurationList section */
		FAEAC2792B5989EB00E4B68F /* Build configuration list for PBXProject "Group1_Store" */ = {
			isa = XCConfigurationList;
			buildConfigurations = (
				FAEAC2832B5989EB00E4B68F /* Debug */,
				FAEAC2842B5989EB00E4B68F /* Release */,
			);
			defaultConfigurationIsVisible = 0;
			defaultConfigurationName = Release;
		};
		FAEAC2852B5989EB00E4B68F /* Build configuration list for PBXNativeTarget "Group1_Store" */ = {
			isa = XCConfigurationList;
			buildConfigurations = (
				FAEAC2862B5989EB00E4B68F /* Debug */,
				FAEAC2872B5989EB00E4B68F /* Release */,
			);
			defaultConfigurationIsVisible = 0;
			defaultConfigurationName = Release;
		};
/* End XCConfigurationList section */
	};
	rootObject = FAEAC2762B5989EB00E4B68F /* Project object */;
}
